// !$*UTF8*$!
{
	archiveVersion = 1;
	classes = {
	};
	objectVersion = 48;
	objects = {

/* Begin PBXBuildFile section */
		4522E17F22724D1400C2C4EA /* Rooms Icon.png in Resources */ = {isa = PBXBuildFile; fileRef = 4522E17E22724D1300C2C4EA /* Rooms Icon.png */; };
		4536E86E225FA0EE002CDC9A /* AppDelegate.swift in Sources */ = {isa = PBXBuildFile; fileRef = 4536E86D225FA0EE002CDC9A /* AppDelegate.swift */; };
		4536E870225FA0EE002CDC9A /* ViewController.swift in Sources */ = {isa = PBXBuildFile; fileRef = 4536E86F225FA0EE002CDC9A /* ViewController.swift */; };
		4536E873225FA0EE002CDC9A /* Main.storyboard in Resources */ = {isa = PBXBuildFile; fileRef = 4536E871225FA0EE002CDC9A /* Main.storyboard */; };
		4536E875225FA0EE002CDC9A /* Assets.xcassets in Resources */ = {isa = PBXBuildFile; fileRef = 4536E874225FA0EE002CDC9A /* Assets.xcassets */; };
		4536E878225FA0EE002CDC9A /* LaunchScreen.storyboard in Resources */ = {isa = PBXBuildFile; fileRef = 4536E876225FA0EE002CDC9A /* LaunchScreen.storyboard */; };
		45DD380D22862C2700D8CB77 /* 64413_2881_64413_2880_64413_2879__vyrn_166912458801_922553151162286_1882150975_o_enl.jpg in Resources */ = {isa = PBXBuildFile; fileRef = 45DD380C22862C2700D8CB77 /* 64413_2881_64413_2880_64413_2879__vyrn_166912458801_922553151162286_1882150975_o_enl.jpg */; };
		45DD380F22862C4500D8CB77 /* lichnost.jpg in Resources */ = {isa = PBXBuildFile; fileRef = 45DD380E22862C4500D8CB77 /* lichnost.jpg */; };
		45DD381122862D7F00D8CB77 /* For You Icon.png in Resources */ = {isa = PBXBuildFile; fileRef = 45DD381022862D7F00D8CB77 /* For You Icon.png */; };
		45DD381322862D8E00D8CB77 /* Keypad Icon.png in Resources */ = {isa = PBXBuildFile; fileRef = 45DD381222862D8E00D8CB77 /* Keypad Icon.png */; };
		45DD38152286385B00D8CB77 /* Без-имени-1-2 Copy.jpg in Resources */ = {isa = PBXBuildFile; fileRef = 45DD38142286385B00D8CB77 /* Без-имени-1-2 Copy.jpg */; };
		45EF2EC32261D4D100560121 /* img1.jpg in Resources */ = {isa = PBXBuildFile; fileRef = 45EF2EC22261D4D100560121 /* img1.jpg */; };
/* End PBXBuildFile section */

/* Begin PBXFileReference section */
		4522E17E22724D1300C2C4EA /* Rooms Icon.png */ = {isa = PBXFileReference; lastKnownFileType = image.png; name = "Rooms Icon.png"; path = "../../icon/Rooms Icon.png"; sourceTree = "<group>"; };
		4536E86A225FA0EE002CDC9A /* APP_IOS_Cards.app */ = {isa = PBXFileReference; explicitFileType = wrapper.application; includeInIndex = 0; path = APP_IOS_Cards.app; sourceTree = BUILT_PRODUCTS_DIR; };
		4536E86D225FA0EE002CDC9A /* AppDelegate.swift */ = {isa = PBXFileReference; lastKnownFileType = sourcecode.swift; path = AppDelegate.swift; sourceTree = "<group>"; };
		4536E86F225FA0EE002CDC9A /* ViewController.swift */ = {isa = PBXFileReference; lastKnownFileType = sourcecode.swift; path = ViewController.swift; sourceTree = "<group>"; };
		4536E872225FA0EE002CDC9A /* Base */ = {isa = PBXFileReference; lastKnownFileType = file.storyboard; name = Base; path = Base.lproj/Main.storyboard; sourceTree = "<group>"; };
		4536E874225FA0EE002CDC9A /* Assets.xcassets */ = {isa = PBXFileReference; lastKnownFileType = folder.assetcatalog; path = Assets.xcassets; sourceTree = "<group>"; };
		4536E877225FA0EE002CDC9A /* Base */ = {isa = PBXFileReference; lastKnownFileType = file.storyboard; name = Base; path = Base.lproj/LaunchScreen.storyboard; sourceTree = "<group>"; };
		4536E879225FA0EE002CDC9A /* Info.plist */ = {isa = PBXFileReference; lastKnownFileType = text.plist.xml; path = Info.plist; sourceTree = "<group>"; };
		45DD380C22862C2700D8CB77 /* 64413_2881_64413_2880_64413_2879__vyrn_166912458801_922553151162286_1882150975_o_enl.jpg */ = {isa = PBXFileReference; lastKnownFileType = image.jpeg; name = 64413_2881_64413_2880_64413_2879__vyrn_166912458801_922553151162286_1882150975_o_enl.jpg; path = ../../img/64413_2881_64413_2880_64413_2879__vyrn_166912458801_922553151162286_1882150975_o_enl.jpg; sourceTree = "<group>"; };
		45DD380E22862C4500D8CB77 /* lichnost.jpg */ = {isa = PBXFileReference; lastKnownFileType = image.jpeg; name = lichnost.jpg; path = ../../img/lichnost.jpg; sourceTree = "<group>"; };
		45DD381022862D7F00D8CB77 /* For You Icon.png */ = {isa = PBXFileReference; lastKnownFileType = image.png; name = "For You Icon.png"; path = "../../icon/For You Icon.png"; sourceTree = "<group>"; };
		45DD381222862D8E00D8CB77 /* Keypad Icon.png */ = {isa = PBXFileReference; lastKnownFileType = image.png; name = "Keypad Icon.png"; path = "../../icon/Keypad Icon.png"; sourceTree = "<group>"; };
		45DD38142286385B00D8CB77 /* Без-имени-1-2 Copy.jpg */ = {isa = PBXFileReference; lastKnownFileType = image.jpeg; name = "Без-имени-1-2 Copy.jpg"; path = "../../img/Без-имени-1-2 Copy.jpg"; sourceTree = "<group>"; };
		45EF2EC22261D4D100560121 /* img1.jpg */ = {isa = PBXFileReference; lastKnownFileType = image.jpeg; name = img1.jpg; path = ../../img/img1.jpg; sourceTree = "<group>"; };
/* End PBXFileReference section */

/* Begin PBXFrameworksBuildPhase section */
		4536E867225FA0EE002CDC9A /* Frameworks */ = {
			isa = PBXFrameworksBuildPhase;
			buildActionMask = 2147483647;
			files = (
			);
			runOnlyForDeploymentPostprocessing = 0;
		};
/* End PBXFrameworksBuildPhase section */

/* Begin PBXGroup section */
		4536E861225FA0EE002CDC9A = {
			isa = PBXGroup;
			children = (
				4536E86C225FA0EE002CDC9A /* APP_IOS_Cards */,
				4536E86B225FA0EE002CDC9A /* Products */,
			);
			sourceTree = "<group>";
		};
		4536E86B225FA0EE002CDC9A /* Products */ = {
			isa = PBXGroup;
			children = (
				4536E86A225FA0EE002CDC9A /* APP_IOS_Cards.app */,
			);
			name = Products;
			sourceTree = "<group>";
		};
		4536E86C225FA0EE002CDC9A /* APP_IOS_Cards */ = {
			isa = PBXGroup;
			children = (
				4536E86D225FA0EE002CDC9A /* AppDelegate.swift */,
				4536E86F225FA0EE002CDC9A /* ViewController.swift */,
				4536E871225FA0EE002CDC9A /* Main.storyboard */,
				45DD38142286385B00D8CB77 /* Без-имени-1-2 Copy.jpg */,
				45DD381222862D8E00D8CB77 /* Keypad Icon.png */,
				45DD380E22862C4500D8CB77 /* lichnost.jpg */,
				45DD381022862D7F00D8CB77 /* For You Icon.png */,
				45DD380C22862C2700D8CB77 /* 64413_2881_64413_2880_64413_2879__vyrn_166912458801_922553151162286_1882150975_o_enl.jpg */,
				4522E17E22724D1300C2C4EA /* Rooms Icon.png */,
				45EF2EC22261D4D100560121 /* img1.jpg */,
				4536E874225FA0EE002CDC9A /* Assets.xcassets */,
				4536E876225FA0EE002CDC9A /* LaunchScreen.storyboard */,
				4536E879225FA0EE002CDC9A /* Info.plist */,
			);
			path = APP_IOS_Cards;
			sourceTree = "<group>";
		};
/* End PBXGroup section */

/* Begin PBXNativeTarget section */
		4536E869225FA0EE002CDC9A /* APP_IOS_Cards */ = {
			isa = PBXNativeTarget;
			buildConfigurationList = 4536E87C225FA0EE002CDC9A /* Build configuration list for PBXNativeTarget "APP_IOS_Cards" */;
			buildPhases = (
				4536E866225FA0EE002CDC9A /* Sources */,
				4536E867225FA0EE002CDC9A /* Frameworks */,
				4536E868225FA0EE002CDC9A /* Resources */,
			);
			buildRules = (
			);
			dependencies = (
			);
			name = APP_IOS_Cards;
			productName = APP_IOS_Cards;
			productReference = 4536E86A225FA0EE002CDC9A /* APP_IOS_Cards.app */;
			productType = "com.apple.product-type.application";
		};
/* End PBXNativeTarget section */

/* Begin PBXProject section */
		4536E862225FA0EE002CDC9A /* Project object */ = {
			isa = PBXProject;
			attributes = {
				LastSwiftUpdateCheck = 0910;
				LastUpgradeCheck = 0910;
				ORGANIZATIONNAME = "Kateryna Kozlova";
				TargetAttributes = {
					4536E869225FA0EE002CDC9A = {
						CreatedOnToolsVersion = 9.1;
						ProvisioningStyle = Automatic;
					};
				};
			};
			buildConfigurationList = 4536E865225FA0EE002CDC9A /* Build configuration list for PBXProject "APP_IOS_Cards" */;
			compatibilityVersion = "Xcode 8.0";
			developmentRegion = en;
			hasScannedForEncodings = 0;
			knownRegions = (
				en,
				Base,
			);
			mainGroup = 4536E861225FA0EE002CDC9A;
			productRefGroup = 4536E86B225FA0EE002CDC9A /* Products */;
			projectDirPath = "";
			projectRoot = "";
			targets = (
				4536E869225FA0EE002CDC9A /* APP_IOS_Cards */,
			);
		};
/* End PBXProject section */

/* Begin PBXResourcesBuildPhase section */
		4536E868225FA0EE002CDC9A /* Resources */ = {
			isa = PBXResourcesBuildPhase;
			buildActionMask = 2147483647;
			files = (
				45DD381122862D7F00D8CB77 /* For You Icon.png in Resources */,
				4536E878225FA0EE002CDC9A /* LaunchScreen.storyboard in Resources */,
				4522E17F22724D1400C2C4EA /* Rooms Icon.png in Resources */,
				45DD38152286385B00D8CB77 /* Без-имени-1-2 Copy.jpg in Resources */,
				45DD380D22862C2700D8CB77 /* 64413_2881_64413_2880_64413_2879__vyrn_166912458801_922553151162286_1882150975_o_enl.jpg in Resources */,
				45EF2EC32261D4D100560121 /* img1.jpg in Resources */,
				4536E875225FA0EE002CDC9A /* Assets.xcassets in Resources */,
				4536E873225FA0EE002CDC9A /* Main.storyboard in Resources */,
				45DD381322862D8E00D8CB77 /* Keypad Icon.png in Resources */,
				45DD380F22862C4500D8CB77 /* lichnost.jpg in Resources */,
			);
			runOnlyForDeploymentPostprocessing = 0;
		};
/* End PBXResourcesBuildPhase section */

/* Begin PBXSourcesBuildPhase section */
		4536E866225FA0EE002CDC9A /* Sources */ = {
			isa = PBXSourcesBuildPhase;
			buildActionMask = 2147483647;
			files = (
				4536E870225FA0EE002CDC9A /* ViewController.swift in Sources */,
				4536E86E225FA0EE002CDC9A /* AppDelegate.swift in Sources */,
			);
			runOnlyForDeploymentPostprocessing = 0;
		};
/* End PBXSourcesBuildPhase section */

/* Begin PBXVariantGroup section */
		4536E871225FA0EE002CDC9A /* Main.storyboard */ = {
			isa = PBXVariantGroup;
			children = (
				4536E872225FA0EE002CDC9A /* Base */,
			);
			name = Main.storyboard;
			sourceTree = "<group>";
		};
		4536E876225FA0EE002CDC9A /* LaunchScreen.storyboard */ = {
			isa = PBXVariantGroup;
			children = (
				4536E877225FA0EE002CDC9A /* Base */,
			);
			name = LaunchScreen.storyboard;
			sourceTree = "<group>";
		};
/* End PBXVariantGroup section */

/* Begin XCBuildConfiguration section */
		4536E87A225FA0EE002CDC9A /* Debug */ = {
			isa = XCBuildConfiguration;
			buildSettings = {
				ALWAYS_SEARCH_USER_PATHS = NO;
				CLANG_ANALYZER_NONNULL = YES;
				CLANG_ANALYZER_NUMBER_OBJECT_CONVERSION = YES_AGGRESSIVE;
				CLANG_CXX_LANGUAGE_STANDARD = "gnu++14";
				CLANG_CXX_LIBRARY = "libc++";
				CLANG_ENABLE_MODULES = YES;
				CLANG_ENABLE_OBJC_ARC = YES;
				CLANG_WARN_BLOCK_CAPTURE_AUTORELEASING = YES;
				CLANG_WARN_BOOL_CONVERSION = YES;
				CLANG_WARN_COMMA = YES;
				CLANG_WARN_CONSTANT_CONVERSION = YES;
				CLANG_WARN_DIRECT_OBJC_ISA_USAGE = YES_ERROR;
				CLANG_WARN_DOCUMENTATION_COMMENTS = YES;
				CLANG_WARN_EMPTY_BODY = YES;
				CLANG_WARN_ENUM_CONVERSION = YES;
				CLANG_WARN_INFINITE_RECURSION = YES;
				CLANG_WARN_INT_CONVERSION = YES;
				CLANG_WARN_NON_LITERAL_NULL_CONVERSION = YES;
				CLANG_WARN_OBJC_LITERAL_CONVERSION = YES;
				CLANG_WARN_OBJC_ROOT_CLASS = YES_ERROR;
				CLANG_WARN_RANGE_LOOP_ANALYSIS = YES;
				CLANG_WARN_STRICT_PROTOTYPES = YES;
				CLANG_WARN_SUSPICIOUS_MOVE = YES;
				CLANG_WARN_UNGUARDED_AVAILABILITY = YES_AGGRESSIVE;
				CLANG_WARN_UNREACHABLE_CODE = YES;
				CLANG_WARN__DUPLICATE_METHOD_MATCH = YES;
				CODE_SIGN_IDENTITY = "iPhone Developer";
				COPY_PHASE_STRIP = NO;
				DEBUG_INFORMATION_FORMAT = dwarf;
				ENABLE_STRICT_OBJC_MSGSEND = YES;
				ENABLE_TESTABILITY = YES;
				GCC_C_LANGUAGE_STANDARD = gnu11;
				GCC_DYNAMIC_NO_PIC = NO;
				GCC_NO_COMMON_BLOCKS = YES;
				GCC_OPTIMIZATION_LEVEL = 0;
				GCC_PREPROCESSOR_DEFINITIONS = (
					"DEBUG=1",
					"$(inherited)",
				);
				GCC_WARN_64_TO_32_BIT_CONVERSION = YES;
				GCC_WARN_ABOUT_RETURN_TYPE = YES_ERROR;
				GCC_WARN_UNDECLARED_SELECTOR = YES;
				GCC_WARN_UNINITIALIZED_AUTOS = YES_AGGRESSIVE;
				GCC_WARN_UNUSED_FUNCTION = YES;
				GCC_WARN_UNUSED_VARIABLE = YES;
				IPHONEOS_DEPLOYMENT_TARGET = 11.1;
				MTL_ENABLE_DEBUG_INFO = YES;
				ONLY_ACTIVE_ARCH = YES;
				SDKROOT = iphoneos;
				SWIFT_ACTIVE_COMPILATION_CONDITIONS = DEBUG;
				SWIFT_OPTIMIZATION_LEVEL = "-Onone";
			};
			name = Debug;
		};
		4536E87B225FA0EE002CDC9A /* Release */ = {
			isa = XCBuildConfiguration;
			buildSettings = {
				ALWAYS_SEARCH_USER_PATHS = NO;
				CLANG_ANALYZER_NONNULL = YES;
				CLANG_ANALYZER_NUMBER_OBJECT_CONVERSION = YES_AGGRESSIVE;
				CLANG_CXX_LANGUAGE_STANDARD = "gnu++14";
				CLANG_CXX_LIBRARY = "libc++";
				CLANG_ENABLE_MODULES = YES;
				CLANG_ENABLE_OBJC_ARC = YES;
				CLANG_WARN_BLOCK_CAPTURE_AUTORELEASING = YES;
				CLANG_WARN_BOOL_CONVERSION = YES;
				CLANG_WARN_COMMA = YES;
				CLANG_WARN_CONSTANT_CONVERSION = YES;
				CLANG_WARN_DIRECT_OBJC_ISA_USAGE = YES_ERROR;
				CLANG_WARN_DOCUMENTATION_COMMENTS = YES;
				CLANG_WARN_EMPTY_BODY = YES;
				CLANG_WARN_ENUM_CONVERSION = YES;
				CLANG_WARN_INFINITE_RECURSION = YES;
				CLANG_WARN_INT_CONVERSION = YES;
				CLANG_WARN_NON_LITERAL_NULL_CONVERSION = YES;
				CLANG_WARN_OBJC_LITERAL_CONVERSION = YES;
				CLANG_WARN_OBJC_ROOT_CLASS = YES_ERROR;
				CLANG_WARN_RANGE_LOOP_ANALYSIS = YES;
				CLANG_WARN_STRICT_PROTOTYPES = YES;
				CLANG_WARN_SUSPICIOUS_MOVE = YES;
				CLANG_WARN_UNGUARDED_AVAILABILITY = YES_AGGRESSIVE;
				CLANG_WARN_UNREACHABLE_CODE = YES;
				CLANG_WARN__DUPLICATE_METHOD_MATCH = YES;
				CODE_SIGN_IDENTITY = "iPhone Developer";
				COPY_PHASE_STRIP = NO;
				DEBUG_INFORMATION_FORMAT = "dwarf-with-dsym";
				ENABLE_NS_ASSERTIONS = NO;
				ENABLE_STRICT_OBJC_MSGSEND = YES;
				GCC_C_LANGUAGE_STANDARD = gnu11;
				GCC_NO_COMMON_BLOCKS = YES;
				GCC_WARN_64_TO_32_BIT_CONVERSION = YES;
				GCC_WARN_ABOUT_RETURN_TYPE = YES_ERROR;
				GCC_WARN_UNDECLARED_SELECTOR = YES;
				GCC_WARN_UNINITIALIZED_AUTOS = YES_AGGRESSIVE;
				GCC_WARN_UNUSED_FUNCTION = YES;
				GCC_WARN_UNUSED_VARIABLE = YES;
				IPHONEOS_DEPLOYMENT_TARGET = 11.1;
				MTL_ENABLE_DEBUG_INFO = NO;
				SDKROOT = iphoneos;
				SWIFT_OPTIMIZATION_LEVEL = "-Owholemodule";
				VALIDATE_PRODUCT = YES;
			};
			name = Release;
		};
		4536E87D225FA0EE002CDC9A /* Debug */ = {
			isa = XCBuildConfiguration;
			buildSettings = {
				ASSETCATALOG_COMPILER_APPICON_NAME = AppIcon;
				CODE_SIGN_STYLE = Automatic;
				INFOPLIST_FILE = APP_IOS_Cards/Info.plist;
				LD_RUNPATH_SEARCH_PATHS = "$(inherited) @executable_path/Frameworks";
				PRODUCT_BUNDLE_IDENTIFIER = "com.eka.APP-IOS-Cards";
				PRODUCT_NAME = "$(TARGET_NAME)";
				SWIFT_VERSION = 4.0;
				TARGETED_DEVICE_FAMILY = "1,2";
			};
			name = Debug;
		};
		4536E87E225FA0EE002CDC9A /* Release */ = {
			isa = XCBuildConfiguration;
			buildSettings = {
				ASSETCATALOG_COMPILER_APPICON_NAME = AppIcon;
				CODE_SIGN_STYLE = Automatic;
				INFOPLIST_FILE = APP_IOS_Cards/Info.plist;
				LD_RUNPATH_SEARCH_PATHS = "$(inherited) @executable_path/Frameworks";
				PRODUCT_BUNDLE_IDENTIFIER = "com.eka.APP-IOS-Cards";
				PRODUCT_NAME = "$(TARGET_NAME)";
				SWIFT_VERSION = 4.0;
				TARGETED_DEVICE_FAMILY = "1,2";
			};
			name = Release;
		};
/* End XCBuildConfiguration section */

/* Begin XCConfigurationList section */
		4536E865225FA0EE002CDC9A /* Build configuration list for PBXProject "APP_IOS_Cards" */ = {
			isa = XCConfigurationList;
			buildConfigurations = (
				4536E87A225FA0EE002CDC9A /* Debug */,
				4536E87B225FA0EE002CDC9A /* Release */,
			);
			defaultConfigurationIsVisible = 0;
			defaultConfigurationName = Release;
		};
		4536E87C225FA0EE002CDC9A /* Build configuration list for PBXNativeTarget "APP_IOS_Cards" */ = {
			isa = XCConfigurationList;
			buildConfigurations = (
				4536E87D225FA0EE002CDC9A /* Debug */,
				4536E87E225FA0EE002CDC9A /* Release */,
			);
			defaultConfigurationIsVisible = 0;
			defaultConfigurationName = Release;
		};
/* End XCConfigurationList section */
	};
	rootObject = 4536E862225FA0EE002CDC9A /* Project object */;
}
